// !$*UTF8*$!
{
	archiveVersion = 1;
	classes = {
	};
	objectVersion = 56;
	objects = {

/* Begin PBXBuildFile section */
		333140DB2C45F03500E9812D /* HomeView.swift in Sources */ = {isa = PBXBuildFile; fileRef = 333140DA2C45F03500E9812D /* HomeView.swift */; };
		333140DD2C45FAB800E9812D /* TrendingItemMovie.swift in Sources */ = {isa = PBXBuildFile; fileRef = 333140DC2C45FAB800E9812D /* TrendingItemMovie.swift */; };
		333140E02C45FC1700E9812D /* TrendingService.swift in Sources */ = {isa = PBXBuildFile; fileRef = 333140DF2C45FC1700E9812D /* TrendingService.swift */; };
		333140EA2C45FCE900E9812D /* Endpoints.swift in Sources */ = {isa = PBXBuildFile; fileRef = 333140E22C45FCE900E9812D /* Endpoints.swift */; };
		333140EB2C45FCE900E9812D /* Network.swift in Sources */ = {isa = PBXBuildFile; fileRef = 333140E32C45FCE900E9812D /* Network.swift */; };
		333140EC2C45FCE900E9812D /* NetworkError.swift in Sources */ = {isa = PBXBuildFile; fileRef = 333140E42C45FCE900E9812D /* NetworkError.swift */; };
		333140ED2C45FCE900E9812D /* Request.swift in Sources */ = {isa = PBXBuildFile; fileRef = 333140E52C45FCE900E9812D /* Request.swift */; };
		333140EE2C45FCE900E9812D /* RequestModel.swift in Sources */ = {isa = PBXBuildFile; fileRef = 333140E62C45FCE900E9812D /* RequestModel.swift */; };
		333140EF2C45FCE900E9812D /* Server.swift in Sources */ = {isa = PBXBuildFile; fileRef = 333140E72C45FCE900E9812D /* Server.swift */; };
		333140F22C46050D00E9812D /* JSONParse.swift in Sources */ = {isa = PBXBuildFile; fileRef = 333140F12C46050D00E9812D /* JSONParse.swift */; };
		333140F62C460D4A00E9812D /* CoverTrending.swift in Sources */ = {isa = PBXBuildFile; fileRef = 333140F52C460D4A00E9812D /* CoverTrending.swift */; };
		335556952C62FFE2005AD4D3 /* DetailScreen.swift in Sources */ = {isa = PBXBuildFile; fileRef = 335556942C62FFE2005AD4D3 /* DetailScreen.swift */; };
		3373A9112C4735FB00F8E9FA /* Kingfisher in Frameworks */ = {isa = PBXBuildFile; productRef = 3373A9102C4735FB00F8E9FA /* Kingfisher */; };
		3373A9152C4743EA00F8E9FA /* Extension.swift in Sources */ = {isa = PBXBuildFile; fileRef = 3373A9142C4743EA00F8E9FA /* Extension.swift */; };
		3373A9172C474DEE00F8E9FA /* CollectionTrend.swift in Sources */ = {isa = PBXBuildFile; fileRef = 3373A9162C474DEE00F8E9FA /* CollectionTrend.swift */; };
		3373A9192C4753F600F8E9FA /* CellCollectionTrend.swift in Sources */ = {isa = PBXBuildFile; fileRef = 3373A9182C4753F600F8E9FA /* CellCollectionTrend.swift */; };
		338C70392C643FC8003DF414 /* DetailViewController.swift in Sources */ = {isa = PBXBuildFile; fileRef = 338C70382C643FC8003DF414 /* DetailViewController.swift */; };
		33EE65852C3F6DA200133E30 /* AppDelegate.swift in Sources */ = {isa = PBXBuildFile; fileRef = 33EE65842C3F6DA200133E30 /* AppDelegate.swift */; };
		33EE65872C3F6DA200133E30 /* SceneDelegate.swift in Sources */ = {isa = PBXBuildFile; fileRef = 33EE65862C3F6DA200133E30 /* SceneDelegate.swift */; };
		33EE65892C3F6DA200133E30 /* ViewController.swift in Sources */ = {isa = PBXBuildFile; fileRef = 33EE65882C3F6DA200133E30 /* ViewController.swift */; };
		33EE658E2C3F6DA400133E30 /* Assets.xcassets in Resources */ = {isa = PBXBuildFile; fileRef = 33EE658D2C3F6DA400133E30 /* Assets.xcassets */; };
		33EE65912C3F6DA400133E30 /* Base in Resources */ = {isa = PBXBuildFile; fileRef = 33EE65902C3F6DA400133E30 /* Base */; };
/* End PBXBuildFile section */

/* Begin PBXFileReference section */
		333140DA2C45F03500E9812D /* HomeView.swift */ = {isa = PBXFileReference; lastKnownFileType = sourcecode.swift; path = HomeView.swift; sourceTree = "<group>"; };
		333140DC2C45FAB800E9812D /* TrendingItemMovie.swift */ = {isa = PBXFileReference; lastKnownFileType = sourcecode.swift; path = TrendingItemMovie.swift; sourceTree = "<group>"; };
		333140DF2C45FC1700E9812D /* TrendingService.swift */ = {isa = PBXFileReference; lastKnownFileType = sourcecode.swift; path = TrendingService.swift; sourceTree = "<group>"; };
		333140E22C45FCE900E9812D /* Endpoints.swift */ = {isa = PBXFileReference; fileEncoding = 4; lastKnownFileType = sourcecode.swift; path = Endpoints.swift; sourceTree = "<group>"; };
		333140E32C45FCE900E9812D /* Network.swift */ = {isa = PBXFileReference; fileEncoding = 4; lastKnownFileType = sourcecode.swift; path = Network.swift; sourceTree = "<group>"; };
		333140E42C45FCE900E9812D /* NetworkError.swift */ = {isa = PBXFileReference; fileEncoding = 4; lastKnownFileType = sourcecode.swift; path = NetworkError.swift; sourceTree = "<group>"; };
		333140E52C45FCE900E9812D /* Request.swift */ = {isa = PBXFileReference; fileEncoding = 4; lastKnownFileType = sourcecode.swift; path = Request.swift; sourceTree = "<group>"; };
		333140E62C45FCE900E9812D /* RequestModel.swift */ = {isa = PBXFileReference; fileEncoding = 4; lastKnownFileType = sourcecode.swift; path = RequestModel.swift; sourceTree = "<group>"; };
		333140E72C45FCE900E9812D /* Server.swift */ = {isa = PBXFileReference; fileEncoding = 4; lastKnownFileType = sourcecode.swift; path = Server.swift; sourceTree = "<group>"; };
		333140F12C46050D00E9812D /* JSONParse.swift */ = {isa = PBXFileReference; fileEncoding = 4; lastKnownFileType = sourcecode.swift; path = JSONParse.swift; sourceTree = "<group>"; };
		333140F52C460D4A00E9812D /* CoverTrending.swift */ = {isa = PBXFileReference; lastKnownFileType = sourcecode.swift; path = CoverTrending.swift; sourceTree = "<group>"; };
		335556942C62FFE2005AD4D3 /* DetailScreen.swift */ = {isa = PBXFileReference; lastKnownFileType = sourcecode.swift; path = DetailScreen.swift; sourceTree = "<group>"; };
		3373A9142C4743EA00F8E9FA /* Extension.swift */ = {isa = PBXFileReference; lastKnownFileType = sourcecode.swift; path = Extension.swift; sourceTree = "<group>"; };
		3373A9162C474DEE00F8E9FA /* CollectionTrend.swift */ = {isa = PBXFileReference; lastKnownFileType = sourcecode.swift; path = CollectionTrend.swift; sourceTree = "<group>"; };
		3373A9182C4753F600F8E9FA /* CellCollectionTrend.swift */ = {isa = PBXFileReference; lastKnownFileType = sourcecode.swift; path = CellCollectionTrend.swift; sourceTree = "<group>"; };
		338C70382C643FC8003DF414 /* DetailViewController.swift */ = {isa = PBXFileReference; lastKnownFileType = sourcecode.swift; path = DetailViewController.swift; sourceTree = "<group>"; };
		33EE65812C3F6DA200133E30 /* GlobloPlayChallenge.app */ = {isa = PBXFileReference; explicitFileType = wrapper.application; includeInIndex = 0; path = GlobloPlayChallenge.app; sourceTree = BUILT_PRODUCTS_DIR; };
		33EE65842C3F6DA200133E30 /* AppDelegate.swift */ = {isa = PBXFileReference; lastKnownFileType = sourcecode.swift; path = AppDelegate.swift; sourceTree = "<group>"; };
		33EE65862C3F6DA200133E30 /* SceneDelegate.swift */ = {isa = PBXFileReference; lastKnownFileType = sourcecode.swift; path = SceneDelegate.swift; sourceTree = "<group>"; };
		33EE65882C3F6DA200133E30 /* ViewController.swift */ = {isa = PBXFileReference; lastKnownFileType = sourcecode.swift; path = ViewController.swift; sourceTree = "<group>"; };
		33EE658D2C3F6DA400133E30 /* Assets.xcassets */ = {isa = PBXFileReference; lastKnownFileType = folder.assetcatalog; path = Assets.xcassets; sourceTree = "<group>"; };
		33EE65902C3F6DA400133E30 /* Base */ = {isa = PBXFileReference; lastKnownFileType = file.storyboard; name = Base; path = Base.lproj/LaunchScreen.storyboard; sourceTree = "<group>"; };
		33EE65922C3F6DA400133E30 /* Info.plist */ = {isa = PBXFileReference; lastKnownFileType = text.plist.xml; path = Info.plist; sourceTree = "<group>"; };
/* End PBXFileReference section */

/* Begin PBXFrameworksBuildPhase section */
		33EE657E2C3F6DA200133E30 /* Frameworks */ = {
			isa = PBXFrameworksBuildPhase;
			buildActionMask = 2147483647;
			files = (
				3373A9112C4735FB00F8E9FA /* Kingfisher in Frameworks */,
			);
			runOnlyForDeploymentPostprocessing = 0;
		};
/* End PBXFrameworksBuildPhase section */

/* Begin PBXGroup section */
		333140DE2C45FBB100E9812D /* Model */ = {
			isa = PBXGroup;
			children = (
				333140DC2C45FAB800E9812D /* TrendingItemMovie.swift */,
			);
			path = Model;
			sourceTree = "<group>";
		};
		333140E12C45FC2300E9812D /* Service */ = {
			isa = PBXGroup;
			children = (
				333140DF2C45FC1700E9812D /* TrendingService.swift */,
			);
			path = Service;
			sourceTree = "<group>";
		};
		333140E92C45FCE900E9812D /* Network */ = {
			isa = PBXGroup;
			children = (
				333140E22C45FCE900E9812D /* Endpoints.swift */,
				333140E32C45FCE900E9812D /* Network.swift */,
				333140E42C45FCE900E9812D /* NetworkError.swift */,
				333140E52C45FCE900E9812D /* Request.swift */,
				333140E62C45FCE900E9812D /* RequestModel.swift */,
				333140E72C45FCE900E9812D /* Server.swift */,
				333140F12C46050D00E9812D /* JSONParse.swift */,
			);
			path = Network;
			sourceTree = "<group>";
		};
		333140F32C460C9D00E9812D /* Screens */ = {
			isa = PBXGroup;
			children = (
				335556932C62FB96005AD4D3 /* Detail */,
				333140F42C460CC000E9812D /* Home */,
			);
			path = Screens;
			sourceTree = "<group>";
		};
		333140F42C460CC000E9812D /* Home */ = {
			isa = PBXGroup;
			children = (
				333140F52C460D4A00E9812D /* CoverTrending.swift */,
				3373A9162C474DEE00F8E9FA /* CollectionTrend.swift */,
				3373A9182C4753F600F8E9FA /* CellCollectionTrend.swift */,
			);
			path = Home;
			sourceTree = "<group>";
		};
		335556932C62FB96005AD4D3 /* Detail */ = {
			isa = PBXGroup;
			children = (
				335556942C62FFE2005AD4D3 /* DetailScreen.swift */,
			);
			path = Detail;
			sourceTree = "<group>";
		};
		33EE65782C3F6DA200133E30 = {
			isa = PBXGroup;
			children = (
				33EE65832C3F6DA200133E30 /* GlobloPlayChallenge */,
				33EE65822C3F6DA200133E30 /* Products */,
			);
			sourceTree = "<group>";
		};
		33EE65822C3F6DA200133E30 /* Products */ = {
			isa = PBXGroup;
			children = (
				33EE65812C3F6DA200133E30 /* GlobloPlayChallenge.app */,
			);
			name = Products;
			sourceTree = "<group>";
		};
		33EE65832C3F6DA200133E30 /* GlobloPlayChallenge */ = {
			isa = PBXGroup;
			children = (
				33EE65842C3F6DA200133E30 /* AppDelegate.swift */,
				33EE65862C3F6DA200133E30 /* SceneDelegate.swift */,
				333140DA2C45F03500E9812D /* HomeView.swift */,
				33EE65882C3F6DA200133E30 /* ViewController.swift */,
				338C70382C643FC8003DF414 /* DetailViewController.swift */,
				3373A9142C4743EA00F8E9FA /* Extension.swift */,
				333140F32C460C9D00E9812D /* Screens */,
				333140E92C45FCE900E9812D /* Network */,
				333140E12C45FC2300E9812D /* Service */,
				333140DE2C45FBB100E9812D /* Model */,
				33EE658D2C3F6DA400133E30 /* Assets.xcassets */,
				33EE658F2C3F6DA400133E30 /* LaunchScreen.storyboard */,
				33EE65922C3F6DA400133E30 /* Info.plist */,
			);
			path = GlobloPlayChallenge;
			sourceTree = "<group>";
		};
/* End PBXGroup section */

/* Begin PBXNativeTarget section */
		33EE65802C3F6DA200133E30 /* GlobloPlayChallenge */ = {
			isa = PBXNativeTarget;
			buildConfigurationList = 33EE65952C3F6DA400133E30 /* Build configuration list for PBXNativeTarget "GlobloPlayChallenge" */;
			buildPhases = (
				33EE657D2C3F6DA200133E30 /* Sources */,
				33EE657E2C3F6DA200133E30 /* Frameworks */,
				33EE657F2C3F6DA200133E30 /* Resources */,
			);
			buildRules = (
			);
			dependencies = (
			);
			name = GlobloPlayChallenge;
			packageProductDependencies = (
				3373A9102C4735FB00F8E9FA /* Kingfisher */,
			);
			productName = GlobloPlayChallenge;
			productReference = 33EE65812C3F6DA200133E30 /* GlobloPlayChallenge.app */;
			productType = "com.apple.product-type.application";
		};
/* End PBXNativeTarget section */

/* Begin PBXProject section */
		33EE65792C3F6DA200133E30 /* Project object */ = {
			isa = PBXProject;
			attributes = {
				BuildIndependentTargetsInParallel = 1;
				LastSwiftUpdateCheck = 1540;
				LastUpgradeCheck = 1540;
				TargetAttributes = {
					33EE65802C3F6DA200133E30 = {
						CreatedOnToolsVersion = 15.4;
					};
				};
			};
			buildConfigurationList = 33EE657C2C3F6DA200133E30 /* Build configuration list for PBXProject "GlobloPlayChallenge" */;
			compatibilityVersion = "Xcode 14.0";
			developmentRegion = en;
			hasScannedForEncodings = 0;
			knownRegions = (
				en,
				Base,
			);
			mainGroup = 33EE65782C3F6DA200133E30;
			packageReferences = (
				3373A90F2C4735FB00F8E9FA /* XCRemoteSwiftPackageReference "Kingfisher" */,
			);
			productRefGroup = 33EE65822C3F6DA200133E30 /* Products */;
			projectDirPath = "";
			projectRoot = "";
			targets = (
				33EE65802C3F6DA200133E30 /* GlobloPlayChallenge */,
			);
		};
/* End PBXProject section */

/* Begin PBXResourcesBuildPhase section */
		33EE657F2C3F6DA200133E30 /* Resources */ = {
			isa = PBXResourcesBuildPhase;
			buildActionMask = 2147483647;
			files = (
				33EE658E2C3F6DA400133E30 /* Assets.xcassets in Resources */,
				33EE65912C3F6DA400133E30 /* Base in Resources */,
			);
			runOnlyForDeploymentPostprocessing = 0;
		};
/* End PBXResourcesBuildPhase section */

/* Begin PBXSourcesBuildPhase section */
		33EE657D2C3F6DA200133E30 /* Sources */ = {
			isa = PBXSourcesBuildPhase;
			buildActionMask = 2147483647;
			files = (
				3373A9152C4743EA00F8E9FA /* Extension.swift in Sources */,
				333140E02C45FC1700E9812D /* TrendingService.swift in Sources */,
				33EE65892C3F6DA200133E30 /* ViewController.swift in Sources */,
				333140EB2C45FCE900E9812D /* Network.swift in Sources */,
				333140DB2C45F03500E9812D /* HomeView.swift in Sources */,
				333140EA2C45FCE900E9812D /* Endpoints.swift in Sources */,
				333140DD2C45FAB800E9812D /* TrendingItemMovie.swift in Sources */,
				333140EC2C45FCE900E9812D /* NetworkError.swift in Sources */,
				335556952C62FFE2005AD4D3 /* DetailScreen.swift in Sources */,
				333140EE2C45FCE900E9812D /* RequestModel.swift in Sources */,
				338C70392C643FC8003DF414 /* DetailViewController.swift in Sources */,
				333140ED2C45FCE900E9812D /* Request.swift in Sources */,
				333140F22C46050D00E9812D /* JSONParse.swift in Sources */,
				333140F62C460D4A00E9812D /* CoverTrending.swift in Sources */,
				3373A9172C474DEE00F8E9FA /* CollectionTrend.swift in Sources */,
				33EE65852C3F6DA200133E30 /* AppDelegate.swift in Sources */,
				333140EF2C45FCE900E9812D /* Server.swift in Sources */,
				33EE65872C3F6DA200133E30 /* SceneDelegate.swift in Sources */,
				3373A9192C4753F600F8E9FA /* CellCollectionTrend.swift in Sources */,
			);
			runOnlyForDeploymentPostprocessing = 0;
		};
/* End PBXSourcesBuildPhase section */

/* Begin PBXVariantGroup section */
		33EE658F2C3F6DA400133E30 /* LaunchScreen.storyboard */ = {
			isa = PBXVariantGroup;
			children = (
				33EE65902C3F6DA400133E30 /* Base */,
			);
			name = LaunchScreen.storyboard;
			sourceTree = "<group>";
		};
/* End PBXVariantGroup section */

/* Begin XCBuildConfiguration section */
		33EE65932C3F6DA400133E30 /* Debug */ = {
			isa = XCBuildConfiguration;
			buildSettings = {
				ALWAYS_SEARCH_USER_PATHS = NO;
				ASSETCATALOG_COMPILER_GENERATE_SWIFT_ASSET_SYMBOL_EXTENSIONS = YES;
				CLANG_ANALYZER_NONNULL = YES;
				CLANG_ANALYZER_NUMBER_OBJECT_CONVERSION = YES_AGGRESSIVE;
				CLANG_CXX_LANGUAGE_STANDARD = "gnu++20";
				CLANG_ENABLE_MODULES = YES;
				CLANG_ENABLE_OBJC_ARC = YES;
				CLANG_ENABLE_OBJC_WEAK = YES;
				CLANG_WARN_BLOCK_CAPTURE_AUTORELEASING = YES;
				CLANG_WARN_BOOL_CONVERSION = YES;
				CLANG_WARN_COMMA = YES;
				CLANG_WARN_CONSTANT_CONVERSION = YES;
				CLANG_WARN_DEPRECATED_OBJC_IMPLEMENTATIONS = YES;
				CLANG_WARN_DIRECT_OBJC_ISA_USAGE = YES_ERROR;
				CLANG_WARN_DOCUMENTATION_COMMENTS = YES;
				CLANG_WARN_EMPTY_BODY = YES;
				CLANG_WARN_ENUM_CONVERSION = YES;
				CLANG_WARN_INFINITE_RECURSION = YES;
				CLANG_WARN_INT_CONVERSION = YES;
				CLANG_WARN_NON_LITERAL_NULL_CONVERSION = YES;
				CLANG_WARN_OBJC_IMPLICIT_RETAIN_SELF = YES;
				CLANG_WARN_OBJC_LITERAL_CONVERSION = YES;
				CLANG_WARN_OBJC_ROOT_CLASS = YES_ERROR;
				CLANG_WARN_QUOTED_INCLUDE_IN_FRAMEWORK_HEADER = YES;
				CLANG_WARN_RANGE_LOOP_ANALYSIS = YES;
				CLANG_WARN_STRICT_PROTOTYPES = YES;
				CLANG_WARN_SUSPICIOUS_MOVE = YES;
				CLANG_WARN_UNGUARDED_AVAILABILITY = YES_AGGRESSIVE;
				CLANG_WARN_UNREACHABLE_CODE = YES;
				CLANG_WARN__DUPLICATE_METHOD_MATCH = YES;
				COPY_PHASE_STRIP = NO;
				DEBUG_INFORMATION_FORMAT = dwarf;
				ENABLE_STRICT_OBJC_MSGSEND = YES;
				ENABLE_TESTABILITY = YES;
				ENABLE_USER_SCRIPT_SANDBOXING = YES;
				GCC_C_LANGUAGE_STANDARD = gnu17;
				GCC_DYNAMIC_NO_PIC = NO;
				GCC_NO_COMMON_BLOCKS = YES;
				GCC_OPTIMIZATION_LEVEL = 0;
				GCC_PREPROCESSOR_DEFINITIONS = (
					"DEBUG=1",
					"$(inherited)",
				);
				GCC_WARN_64_TO_32_BIT_CONVERSION = YES;
				GCC_WARN_ABOUT_RETURN_TYPE = YES_ERROR;
				GCC_WARN_UNDECLARED_SELECTOR = YES;
				GCC_WARN_UNINITIALIZED_AUTOS = YES_AGGRESSIVE;
				GCC_WARN_UNUSED_FUNCTION = YES;
				GCC_WARN_UNUSED_VARIABLE = YES;
				IPHONEOS_DEPLOYMENT_TARGET = 17.5;
				LOCALIZATION_PREFERS_STRING_CATALOGS = YES;
				MTL_ENABLE_DEBUG_INFO = INCLUDE_SOURCE;
				MTL_FAST_MATH = YES;
				ONLY_ACTIVE_ARCH = YES;
				SDKROOT = iphoneos;
				SWIFT_ACTIVE_COMPILATION_CONDITIONS = "DEBUG $(inherited)";
				SWIFT_OPTIMIZATION_LEVEL = "-Onone";
			};
			name = Debug;
		};
		33EE65942C3F6DA400133E30 /* Release */ = {
			isa = XCBuildConfiguration;
			buildSettings = {
				ALWAYS_SEARCH_USER_PATHS = NO;
				ASSETCATALOG_COMPILER_GENERATE_SWIFT_ASSET_SYMBOL_EXTENSIONS = YES;
				CLANG_ANALYZER_NONNULL = YES;
				CLANG_ANALYZER_NUMBER_OBJECT_CONVERSION = YES_AGGRESSIVE;
				CLANG_CXX_LANGUAGE_STANDARD = "gnu++20";
				CLANG_ENABLE_MODULES = YES;
				CLANG_ENABLE_OBJC_ARC = YES;
				CLANG_ENABLE_OBJC_WEAK = YES;
				CLANG_WARN_BLOCK_CAPTURE_AUTORELEASING = YES;
				CLANG_WARN_BOOL_CONVERSION = YES;
				CLANG_WARN_COMMA = YES;
				CLANG_WARN_CONSTANT_CONVERSION = YES;
				CLANG_WARN_DEPRECATED_OBJC_IMPLEMENTATIONS = YES;
				CLANG_WARN_DIRECT_OBJC_ISA_USAGE = YES_ERROR;
				CLANG_WARN_DOCUMENTATION_COMMENTS = YES;
				CLANG_WARN_EMPTY_BODY = YES;
				CLANG_WARN_ENUM_CONVERSION = YES;
				CLANG_WARN_INFINITE_RECURSION = YES;
				CLANG_WARN_INT_CONVERSION = YES;
				CLANG_WARN_NON_LITERAL_NULL_CONVERSION = YES;
				CLANG_WARN_OBJC_IMPLICIT_RETAIN_SELF = YES;
				CLANG_WARN_OBJC_LITERAL_CONVERSION = YES;
				CLANG_WARN_OBJC_ROOT_CLASS = YES_ERROR;
				CLANG_WARN_QUOTED_INCLUDE_IN_FRAMEWORK_HEADER = YES;
				CLANG_WARN_RANGE_LOOP_ANALYSIS = YES;
				CLANG_WARN_STRICT_PROTOTYPES = YES;
				CLANG_WARN_SUSPICIOUS_MOVE = YES;
				CLANG_WARN_UNGUARDED_AVAILABILITY = YES_AGGRESSIVE;
				CLANG_WARN_UNREACHABLE_CODE = YES;
				CLANG_WARN__DUPLICATE_METHOD_MATCH = YES;
				COPY_PHASE_STRIP = NO;
				DEBUG_INFORMATION_FORMAT = "dwarf-with-dsym";
				ENABLE_NS_ASSERTIONS = NO;
				ENABLE_STRICT_OBJC_MSGSEND = YES;
				ENABLE_USER_SCRIPT_SANDBOXING = YES;
				GCC_C_LANGUAGE_STANDARD = gnu17;
				GCC_NO_COMMON_BLOCKS = YES;
				GCC_WARN_64_TO_32_BIT_CONVERSION = YES;
				GCC_WARN_ABOUT_RETURN_TYPE = YES_ERROR;
				GCC_WARN_UNDECLARED_SELECTOR = YES;
				GCC_WARN_UNINITIALIZED_AUTOS = YES_AGGRESSIVE;
				GCC_WARN_UNUSED_FUNCTION = YES;
				GCC_WARN_UNUSED_VARIABLE = YES;
				IPHONEOS_DEPLOYMENT_TARGET = 17.5;
				LOCALIZATION_PREFERS_STRING_CATALOGS = YES;
				MTL_ENABLE_DEBUG_INFO = NO;
				MTL_FAST_MATH = YES;
				SDKROOT = iphoneos;
				SWIFT_COMPILATION_MODE = wholemodule;
				VALIDATE_PRODUCT = YES;
			};
			name = Release;
		};
		33EE65962C3F6DA400133E30 /* Debug */ = {
			isa = XCBuildConfiguration;
			buildSettings = {
				ASSETCATALOG_COMPILER_APPICON_NAME = AppIcon;
				ASSETCATALOG_COMPILER_GLOBAL_ACCENT_COLOR_NAME = AccentColor;
				CODE_SIGN_STYLE = Automatic;
				CURRENT_PROJECT_VERSION = 1;
				DEVELOPMENT_TEAM = L83QN8FS8U;
				GENERATE_INFOPLIST_FILE = YES;
				INFOPLIST_FILE = GlobloPlayChallenge/Info.plist;
				INFOPLIST_KEY_UIApplicationSupportsIndirectInputEvents = YES;
				INFOPLIST_KEY_UILaunchStoryboardName = LaunchScreen;
				INFOPLIST_KEY_UISupportedInterfaceOrientations_iPad = "UIInterfaceOrientationPortrait UIInterfaceOrientationPortraitUpsideDown UIInterfaceOrientationLandscapeLeft UIInterfaceOrientationLandscapeRight";
				INFOPLIST_KEY_UISupportedInterfaceOrientations_iPhone = "UIInterfaceOrientationPortrait UIInterfaceOrientationLandscapeLeft UIInterfaceOrientationLandscapeRight";
				LD_RUNPATH_SEARCH_PATHS = (
					"$(inherited)",
					"@executable_path/Frameworks",
				);
				MARKETING_VERSION = 1.0;
				PRODUCT_BUNDLE_IDENTIFIER = com.silva.GlobloPlayChallenge;
				PRODUCT_NAME = "$(TARGET_NAME)";
				SWIFT_EMIT_LOC_STRINGS = YES;
				SWIFT_VERSION = 5.0;
				TARGETED_DEVICE_FAMILY = "1,2";
			};
			name = Debug;
		};
		33EE65972C3F6DA400133E30 /* Release */ = {
			isa = XCBuildConfiguration;
			buildSettings = {
				ASSETCATALOG_COMPILER_APPICON_NAME = AppIcon;
				ASSETCATALOG_COMPILER_GLOBAL_ACCENT_COLOR_NAME = AccentColor;
				CODE_SIGN_STYLE = Automatic;
				CURRENT_PROJECT_VERSION = 1;
				DEVELOPMENT_TEAM = L83QN8FS8U;
				GENERATE_INFOPLIST_FILE = YES;
				INFOPLIST_FILE = GlobloPlayChallenge/Info.plist;
				INFOPLIST_KEY_UIApplicationSupportsIndirectInputEvents = YES;
				INFOPLIST_KEY_UILaunchStoryboardName = LaunchScreen;
				INFOPLIST_KEY_UISupportedInterfaceOrientations_iPad = "UIInterfaceOrientationPortrait UIInterfaceOrientationPortraitUpsideDown UIInterfaceOrientationLandscapeLeft UIInterfaceOrientationLandscapeRight";
				INFOPLIST_KEY_UISupportedInterfaceOrientations_iPhone = "UIInterfaceOrientationPortrait UIInterfaceOrientationLandscapeLeft UIInterfaceOrientationLandscapeRight";
				LD_RUNPATH_SEARCH_PATHS = (
					"$(inherited)",
					"@executable_path/Frameworks",
				);
				MARKETING_VERSION = 1.0;
				PRODUCT_BUNDLE_IDENTIFIER = com.silva.GlobloPlayChallenge;
				PRODUCT_NAME = "$(TARGET_NAME)";
				SWIFT_EMIT_LOC_STRINGS = YES;
				SWIFT_VERSION = 5.0;
				TARGETED_DEVICE_FAMILY = "1,2";
			};
			name = Release;
		};
/* End XCBuildConfiguration section */

/* Begin XCConfigurationList section */
		33EE657C2C3F6DA200133E30 /* Build configuration list for PBXProject "GlobloPlayChallenge" */ = {
			isa = XCConfigurationList;
			buildConfigurations = (
				33EE65932C3F6DA400133E30 /* Debug */,
				33EE65942C3F6DA400133E30 /* Release */,
			);
			defaultConfigurationIsVisible = 0;
			defaultConfigurationName = Release;
		};
		33EE65952C3F6DA400133E30 /* Build configuration list for PBXNativeTarget "GlobloPlayChallenge" */ = {
			isa = XCConfigurationList;
			buildConfigurations = (
				33EE65962C3F6DA400133E30 /* Debug */,
				33EE65972C3F6DA400133E30 /* Release */,
			);
			defaultConfigurationIsVisible = 0;
			defaultConfigurationName = Release;
		};
/* End XCConfigurationList section */

/* Begin XCRemoteSwiftPackageReference section */
		3373A90F2C4735FB00F8E9FA /* XCRemoteSwiftPackageReference "Kingfisher" */ = {
			isa = XCRemoteSwiftPackageReference;
			repositoryURL = "https://github.com/onevcat/Kingfisher.git";
			requirement = {
				kind = upToNextMajorVersion;
				minimumVersion = 7.12.0;
			};
		};
/* End XCRemoteSwiftPackageReference section */

/* Begin XCSwiftPackageProductDependency section */
		3373A9102C4735FB00F8E9FA /* Kingfisher */ = {
			isa = XCSwiftPackageProductDependency;
			package = 3373A90F2C4735FB00F8E9FA /* XCRemoteSwiftPackageReference "Kingfisher" */;
			productName = Kingfisher;
		};
/* End XCSwiftPackageProductDependency section */
	};
	rootObject = 33EE65792C3F6DA200133E30 /* Project object */;
}
